
Microsoft Visual Studio Solution File, Format Version 12.00
# Visual Studio 2015
Project("{FAE04EC0-301F-11D3-BF4B-00C04F79EFBC}") = "HockUnity2.CSharp.Plugins", "HockUnity2.CSharp.Plugins.csproj", "{9A9B684F-4B46-8204-A51E-65189FF8BF55}"
EndProject
Project("{FAE04EC0-301F-11D3-BF4B-00C04F79EFBC}") = "HockUnity2.CSharp", "HockUnity2.CSharp.csproj", "{F6D9A41C-8367-B7AE-678C-23ACD5AE0E2A}"
EndProject
Project("{FAE04EC0-301F-11D3-BF4B-00C04F79EFBC}") = "HockUnity2.CSharp.Editor.Plugins", "HockUnity2.CSharp.Editor.Plugins.csproj", "{D00C5F4D-6F75-B306-AE6B-68D898A556F8}"
EndProject
Project("{FAE04EC0-301F-11D3-BF4B-00C04F79EFBC}") = "HockUnity2.CSharp.Editor", "HockUnity2.CSharp.Editor.csproj", "{6B9475F2-2269-0C08-D8A8-A92E8B3762A0}"
EndProject
Global
	GlobalSection(SolutionConfigurationPlatforms) = preSolution
		Debug|Any CPU = Debug|Any CPU
		Release|Any CPU = Release|Any CPU
	EndGlobalSection
	GlobalSection(ProjectConfigurationPlatforms) = postSolution
		{9A9B684F-4B46-8204-A51E-65189FF8BF55}.Debug|Any CPU.ActiveCfg = Debug|Any CPU
		{9A9B684F-4B46-8204-A51E-65189FF8BF55}.Debug|Any CPU.Build.0 = Debug|Any CPU
		{9A9B684F-4B46-8204-A51E-65189FF8BF55}.Release|Any CPU.ActiveCfg = Release|Any CPU
		{9A9B684F-4B46-8204-A51E-65189FF8BF55}.Release|Any CPU.Build.0 = Release|Any CPU
		{F6D9A41C-8367-B7AE-678C-23ACD5AE0E2A}.Debug|Any CPU.ActiveCfg = Debug|Any CPU
		{F6D9A41C-8367-B7AE-678C-23ACD5AE0E2A}.Debug|Any CPU.Build.0 = Debug|Any CPU
		{F6D9A41C-8367-B7AE-678C-23ACD5AE0E2A}.Release|Any CPU.ActiveCfg = Release|Any CPU
		{F6D9A41C-8367-B7AE-678C-23ACD5AE0E2A}.Release|Any CPU.Build.0 = Release|Any CPU
		{D00C5F4D-6F75-B306-AE6B-68D898A556F8}.Debug|Any CPU.ActiveCfg = Debug|Any CPU
		{D00C5F4D-6F75-B306-AE6B-68D898A556F8}.Debug|Any CPU.Build.0 = Debug|Any CPU
		{D00C5F4D-6F75-B306-AE6B-68D898A556F8}.Release|Any CPU.ActiveCfg = Release|Any CPU
		{D00C5F4D-6F75-B306-AE6B-68D898A556F8}.Release|Any CPU.Build.0 = Release|Any CPU
		{6B9475F2-2269-0C08-D8A8-A92E8B3762A0}.Debug|Any CPU.ActiveCfg = Debug|Any CPU
		{6B9475F2-2269-0C08-D8A8-A92E8B3762A0}.Debug|Any CPU.Build.0 = Debug|Any CPU
		{6B9475F2-2269-0C08-D8A8-A92E8B3762A0}.Release|Any CPU.ActiveCfg = Release|Any CPU
		{6B9475F2-2269-0C08-D8A8-A92E8B3762A0}.Release|Any CPU.Build.0 = Release|Any CPU
	EndGlobalSection
	GlobalSection(SolutionProperties) = preSolution
		HideSolutionNode = FALSE
	EndGlobalSection
EndGlobal
