Microsoft Visual Studio Solution File, Format Version 11.00
# Visual Studio 2008

Project("{14634C2E-79D1-3E9E-1A33-52190F2D100D}") = "HockUnity2", "Assembly-CSharp-firstpass.csproj", "{F14E3FDA-6235-677D-3651-1ED0D8F97570}"
EndProject
Project("{14634C2E-79D1-3E9E-1A33-52190F2D100D}") = "HockUnity2", "Assembly-CSharp.csproj", "{EC1E9062-A2BB-1AC2-29C8-F237B9CA61D0}"
EndProject
Project("{14634C2E-79D1-3E9E-1A33-52190F2D100D}") = "HockUnity2", "Assembly-CSharp-Editor-firstpass.csproj", "{F98AAED9-3143-5259-6C6B-80860191C347}"
EndProject
Project("{14634C2E-79D1-3E9E-1A33-52190F2D100D}") = "HockUnity2", "Assembly-CSharp-Editor.csproj", "{8A47E462-9186-3F2B-68D6-4BEFD432F7C5}"
EndProject
Global
	GlobalSection(SolutionConfigurationPlatforms) = preSolution
		Debug|Any CPU = Debug|Any CPU
		Release|Any CPU = Release|Any CPU
	EndGlobalSection
	GlobalSection(ProjectConfigurationPlatforms) = postSolution
		{F14E3FDA-6235-677D-3651-1ED0D8F97570}.Debug|Any CPU.ActiveCfg = Debug|Any CPU
		{F14E3FDA-6235-677D-3651-1ED0D8F97570}.Debug|Any CPU.Build.0 = Debug|Any CPU
		{F14E3FDA-6235-677D-3651-1ED0D8F97570}.Release|Any CPU.ActiveCfg = Release|Any CPU
		{F14E3FDA-6235-677D-3651-1ED0D8F97570}.Release|Any CPU.Build.0 = Release|Any CPU
		{EC1E9062-A2BB-1AC2-29C8-F237B9CA61D0}.Debug|Any CPU.ActiveCfg = Debug|Any CPU
		{EC1E9062-A2BB-1AC2-29C8-F237B9CA61D0}.Debug|Any CPU.Build.0 = Debug|Any CPU
		{EC1E9062-A2BB-1AC2-29C8-F237B9CA61D0}.Release|Any CPU.ActiveCfg = Release|Any CPU
		{EC1E9062-A2BB-1AC2-29C8-F237B9CA61D0}.Release|Any CPU.Build.0 = Release|Any CPU
		{F98AAED9-3143-5259-6C6B-80860191C347}.Debug|Any CPU.ActiveCfg = Debug|Any CPU
		{F98AAED9-3143-5259-6C6B-80860191C347}.Debug|Any CPU.Build.0 = Debug|Any CPU
		{F98AAED9-3143-5259-6C6B-80860191C347}.Release|Any CPU.ActiveCfg = Release|Any CPU
		{F98AAED9-3143-5259-6C6B-80860191C347}.Release|Any CPU.Build.0 = Release|Any CPU
		{8A47E462-9186-3F2B-68D6-4BEFD432F7C5}.Debug|Any CPU.ActiveCfg = Debug|Any CPU
		{8A47E462-9186-3F2B-68D6-4BEFD432F7C5}.Debug|Any CPU.Build.0 = Debug|Any CPU
		{8A47E462-9186-3F2B-68D6-4BEFD432F7C5}.Release|Any CPU.ActiveCfg = Release|Any CPU
		{8A47E462-9186-3F2B-68D6-4BEFD432F7C5}.Release|Any CPU.Build.0 = Release|Any CPU
	EndGlobalSection
	GlobalSection(SolutionProperties) = preSolution
		HideSolutionNode = FALSE
	EndGlobalSection
	GlobalSection(MonoDevelopProperties) = preSolution
		StartupItem = Assembly-CSharp.csproj
	EndGlobalSection
EndGlobal
